<Solution>
<<<<<<< Updated upstream
  <Project Path="Assembly-CSharp.csproj" />
  <Project Path="Assembly-CSharp-firstpass.csproj" />
  <Project Path="Assembly-CSharp-Editor.csproj" />
=======
  <Project Path="SteamAudioUnity.csproj" />
  <Project Path="Assembly-CSharp.csproj" />
  <Project Path="Assembly-CSharp-firstpass.csproj" />
  <Project Path="SteamAudioUnityEditor.csproj" />
>>>>>>> Stashed changes
</Solution>
